// !$*UTF8*$!
{
	archiveVersion = 1;
	classes = {
	};
	objectVersion = 46;
	objects = {

/* Begin PBXBuildFile section */
		418A6E9A1DE2450C00807C49 /* AppDelegate.swift in Sources */ = {isa = PBXBuildFile; fileRef = 418A6E991DE2450C00807C49 /* AppDelegate.swift */; };
		418A6E9C1DE2450C00807C49 /* ViewController.swift in Sources */ = {isa = PBXBuildFile; fileRef = 418A6E9B1DE2450C00807C49 /* ViewController.swift */; };
		418A6E9F1DE2450C00807C49 /* Main.storyboard in Resources */ = {isa = PBXBuildFile; fileRef = 418A6E9D1DE2450C00807C49 /* Main.storyboard */; };
		418A6EA11DE2450C00807C49 /* Assets.xcassets in Resources */ = {isa = PBXBuildFile; fileRef = 418A6EA01DE2450C00807C49 /* Assets.xcassets */; };
		418A6EA41DE2450C00807C49 /* LaunchScreen.storyboard in Resources */ = {isa = PBXBuildFile; fileRef = 418A6EA21DE2450C00807C49 /* LaunchScreen.storyboard */; };
		418A6EAF1DE2450C00807C49 /* Caro1Tests.swift in Sources */ = {isa = PBXBuildFile; fileRef = 418A6EAE1DE2450C00807C49 /* Caro1Tests.swift */; };
		418A6EBA1DE2450C00807C49 /* Caro1UITests.swift in Sources */ = {isa = PBXBuildFile; fileRef = 418A6EB91DE2450C00807C49 /* Caro1UITests.swift */; };
/* End PBXBuildFile section */

/* Begin PBXContainerItemProxy section */
		418A6EAB1DE2450C00807C49 /* PBXContainerItemProxy */ = {
			isa = PBXContainerItemProxy;
			containerPortal = 418A6E8E1DE2450B00807C49 /* Project object */;
			proxyType = 1;
			remoteGlobalIDString = 418A6E951DE2450B00807C49;
			remoteInfo = Caro1;
		};
		418A6EB61DE2450C00807C49 /* PBXContainerItemProxy */ = {
			isa = PBXContainerItemProxy;
			containerPortal = 418A6E8E1DE2450B00807C49 /* Project object */;
			proxyType = 1;
			remoteGlobalIDString = 418A6E951DE2450B00807C49;
			remoteInfo = Caro1;
		};
/* End PBXContainerItemProxy section */

/* Begin PBXFileReference section */
		418A6E961DE2450C00807C49 /* Caro1.app */ = {isa = PBXFileReference; explicitFileType = wrapper.application; includeInIndex = 0; path = Caro1.app; sourceTree = BUILT_PRODUCTS_DIR; };
		418A6E991DE2450C00807C49 /* AppDelegate.swift */ = {isa = PBXFileReference; lastKnownFileType = sourcecode.swift; path = AppDelegate.swift; sourceTree = "<group>"; };
		418A6E9B1DE2450C00807C49 /* ViewController.swift */ = {isa = PBXFileReference; lastKnownFileType = sourcecode.swift; path = ViewController.swift; sourceTree = "<group>"; };
		418A6E9E1DE2450C00807C49 /* Base */ = {isa = PBXFileReference; lastKnownFileType = file.storyboard; name = Base; path = Base.lproj/Main.storyboard; sourceTree = "<group>"; };
		418A6EA01DE2450C00807C49 /* Assets.xcassets */ = {isa = PBXFileReference; lastKnownFileType = folder.assetcatalog; path = Assets.xcassets; sourceTree = "<group>"; };
		418A6EA31DE2450C00807C49 /* Base */ = {isa = PBXFileReference; lastKnownFileType = file.storyboard; name = Base; path = Base.lproj/LaunchScreen.storyboard; sourceTree = "<group>"; };
		418A6EA51DE2450C00807C49 /* Info.plist */ = {isa = PBXFileReference; lastKnownFileType = text.plist.xml; path = Info.plist; sourceTree = "<group>"; };
		418A6EAA1DE2450C00807C49 /* Caro1Tests.xctest */ = {isa = PBXFileReference; explicitFileType = wrapper.cfbundle; includeInIndex = 0; path = Caro1Tests.xctest; sourceTree = BUILT_PRODUCTS_DIR; };
		418A6EAE1DE2450C00807C49 /* Caro1Tests.swift */ = {isa = PBXFileReference; lastKnownFileType = sourcecode.swift; path = Caro1Tests.swift; sourceTree = "<group>"; };
		418A6EB01DE2450C00807C49 /* Info.plist */ = {isa = PBXFileReference; lastKnownFileType = text.plist.xml; path = Info.plist; sourceTree = "<group>"; };
		418A6EB51DE2450C00807C49 /* Caro1UITests.xctest */ = {isa = PBXFileReference; explicitFileType = wrapper.cfbundle; includeInIndex = 0; path = Caro1UITests.xctest; sourceTree = BUILT_PRODUCTS_DIR; };
		418A6EB91DE2450C00807C49 /* Caro1UITests.swift */ = {isa = PBXFileReference; lastKnownFileType = sourcecode.swift; path = Caro1UITests.swift; sourceTree = "<group>"; };
		418A6EBB1DE2450C00807C49 /* Info.plist */ = {isa = PBXFileReference; lastKnownFileType = text.plist.xml; path = Info.plist; sourceTree = "<group>"; };
/* End PBXFileReference section */

/* Begin PBXFrameworksBuildPhase section */
		418A6E931DE2450B00807C49 /* Frameworks */ = {
			isa = PBXFrameworksBuildPhase;
			buildActionMask = 2147483647;
			files = (
			);
			runOnlyForDeploymentPostprocessing = 0;
		};
		418A6EA71DE2450C00807C49 /* Frameworks */ = {
			isa = PBXFrameworksBuildPhase;
			buildActionMask = 2147483647;
			files = (
			);
			runOnlyForDeploymentPostprocessing = 0;
		};
		418A6EB21DE2450C00807C49 /* Frameworks */ = {
			isa = PBXFrameworksBuildPhase;
			buildActionMask = 2147483647;
			files = (
			);
			runOnlyForDeploymentPostprocessing = 0;
		};
/* End PBXFrameworksBuildPhase section */

/* Begin PBXGroup section */
		418A6E8D1DE2450B00807C49 = {
			isa = PBXGroup;
			children = (
				418A6E981DE2450C00807C49 /* Caro1 */,
				418A6EAD1DE2450C00807C49 /* Caro1Tests */,
				418A6EB81DE2450C00807C49 /* Caro1UITests */,
				418A6E971DE2450C00807C49 /* Products */,
			);
			sourceTree = "<group>";
		};
		418A6E971DE2450C00807C49 /* Products */ = {
			isa = PBXGroup;
			children = (
				418A6E961DE2450C00807C49 /* Caro1.app */,
				418A6EAA1DE2450C00807C49 /* Caro1Tests.xctest */,
				418A6EB51DE2450C00807C49 /* Caro1UITests.xctest */,
			);
			name = Products;
			sourceTree = "<group>";
		};
		418A6E981DE2450C00807C49 /* Caro1 */ = {
			isa = PBXGroup;
			children = (
				418A6E991DE2450C00807C49 /* AppDelegate.swift */,
				418A6E9B1DE2450C00807C49 /* ViewController.swift */,
				418A6E9D1DE2450C00807C49 /* Main.storyboard */,
				418A6EA01DE2450C00807C49 /* Assets.xcassets */,
				418A6EA21DE2450C00807C49 /* LaunchScreen.storyboard */,
				418A6EA51DE2450C00807C49 /* Info.plist */,
			);
			path = Caro1;
			sourceTree = "<group>";
		};
		418A6EAD1DE2450C00807C49 /* Caro1Tests */ = {
			isa = PBXGroup;
			children = (
				418A6EAE1DE2450C00807C49 /* Caro1Tests.swift */,
				418A6EB01DE2450C00807C49 /* Info.plist */,
			);
			path = Caro1Tests;
			sourceTree = "<group>";
		};
		418A6EB81DE2450C00807C49 /* Caro1UITests */ = {
			isa = PBXGroup;
			children = (
				418A6EB91DE2450C00807C49 /* Caro1UITests.swift */,
				418A6EBB1DE2450C00807C49 /* Info.plist */,
			);
			path = Caro1UITests;
			sourceTree = "<group>";
		};
/* End PBXGroup section */

/* Begin PBXNativeTarget section */
		418A6E951DE2450B00807C49 /* Caro1 */ = {
			isa = PBXNativeTarget;
			buildConfigurationList = 418A6EBE1DE2450C00807C49 /* Build configuration list for PBXNativeTarget "Caro1" */;
			buildPhases = (
				418A6E921DE2450B00807C49 /* Sources */,
				418A6E931DE2450B00807C49 /* Frameworks */,
				418A6E941DE2450B00807C49 /* Resources */,
			);
			buildRules = (
			);
			dependencies = (
			);
			name = Caro1;
			productName = Caro1;
			productReference = 418A6E961DE2450C00807C49 /* Caro1.app */;
			productType = "com.apple.product-type.application";
		};
		418A6EA91DE2450C00807C49 /* Caro1Tests */ = {
			isa = PBXNativeTarget;
			buildConfigurationList = 418A6EC11DE2450C00807C49 /* Build configuration list for PBXNativeTarget "Caro1Tests" */;
			buildPhases = (
				418A6EA61DE2450C00807C49 /* Sources */,
				418A6EA71DE2450C00807C49 /* Frameworks */,
				418A6EA81DE2450C00807C49 /* Resources */,
			);
			buildRules = (
			);
			dependencies = (
				418A6EAC1DE2450C00807C49 /* PBXTargetDependency */,
			);
			name = Caro1Tests;
			productName = Caro1Tests;
			productReference = 418A6EAA1DE2450C00807C49 /* Caro1Tests.xctest */;
			productType = "com.apple.product-type.bundle.unit-test";
		};
		418A6EB41DE2450C00807C49 /* Caro1UITests */ = {
			isa = PBXNativeTarget;
			buildConfigurationList = 418A6EC41DE2450C00807C49 /* Build configuration list for PBXNativeTarget "Caro1UITests" */;
			buildPhases = (
				418A6EB11DE2450C00807C49 /* Sources */,
				418A6EB21DE2450C00807C49 /* Frameworks */,
				418A6EB31DE2450C00807C49 /* Resources */,
			);
			buildRules = (
			);
			dependencies = (
				418A6EB71DE2450C00807C49 /* PBXTargetDependency */,
			);
			name = Caro1UITests;
			productName = Caro1UITests;
			productReference = 418A6EB51DE2450C00807C49 /* Caro1UITests.xctest */;
			productType = "com.apple.product-type.bundle.ui-testing";
		};
/* End PBXNativeTarget section */

/* Begin PBXProject section */
		418A6E8E1DE2450B00807C49 /* Project object */ = {
			isa = PBXProject;
			attributes = {
				LastSwiftUpdateCheck = 0810;
				LastUpgradeCheck = 0810;
				ORGANIZATIONNAME = "Carolina Valdez Gandara";
				TargetAttributes = {
					418A6E951DE2450B00807C49 = {
						CreatedOnToolsVersion = 8.1;
						ProvisioningStyle = Automatic;
					};
					418A6EA91DE2450C00807C49 = {
						CreatedOnToolsVersion = 8.1;
						ProvisioningStyle = Automatic;
						TestTargetID = 418A6E951DE2450B00807C49;
					};
					418A6EB41DE2450C00807C49 = {
						CreatedOnToolsVersion = 8.1;
						ProvisioningStyle = Automatic;
						TestTargetID = 418A6E951DE2450B00807C49;
					};
				};
			};
			buildConfigurationList = 418A6E911DE2450B00807C49 /* Build configuration list for PBXProject "Caro1" */;
			compatibilityVersion = "Xcode 3.2";
			developmentRegion = English;
			hasScannedForEncodings = 0;
			knownRegions = (
				en,
				Base,
			);
			mainGroup = 418A6E8D1DE2450B00807C49;
			productRefGroup = 418A6E971DE2450C00807C49 /* Products */;
			projectDirPath = "";
			projectRoot = "";
			targets = (
				418A6E951DE2450B00807C49 /* Caro1 */,
				418A6EA91DE2450C00807C49 /* Caro1Tests */,
				418A6EB41DE2450C00807C49 /* Caro1UITests */,
			);
		};
/* End PBXProject section */

/* Begin PBXResourcesBuildPhase section */
		418A6E941DE2450B00807C49 /* Resources */ = {
			isa = PBXResourcesBuildPhase;
			buildActionMask = 2147483647;
			files = (
				418A6EA41DE2450C00807C49 /* LaunchScreen.storyboard in Resources */,
				418A6EA11DE2450C00807C49 /* Assets.xcassets in Resources */,
				418A6E9F1DE2450C00807C49 /* Main.storyboard in Resources */,
			);
			runOnlyForDeploymentPostprocessing = 0;
		};
		418A6EA81DE2450C00807C49 /* Resources */ = {
			isa = PBXResourcesBuildPhase;
			buildActionMask = 2147483647;
			files = (
			);
			runOnlyForDeploymentPostprocessing = 0;
		};
		418A6EB31DE2450C00807C49 /* Resources */ = {
			isa = PBXResourcesBuildPhase;
			buildActionMask = 2147483647;
			files = (
			);
			runOnlyForDeploymentPostprocessing = 0;
		};
/* End PBXResourcesBuildPhase section */

/* Begin PBXSourcesBuildPhase section */
		418A6E921DE2450B00807C49 /* Sources */ = {
			isa = PBXSourcesBuildPhase;
			buildActionMask = 2147483647;
			files = (
				418A6E9C1DE2450C00807C49 /* ViewController.swift in Sources */,
				418A6E9A1DE2450C00807C49 /* AppDelegate.swift in Sources */,
			);
			runOnlyForDeploymentPostprocessing = 0;
		};
		418A6EA61DE2450C00807C49 /* Sources */ = {
			isa = PBXSourcesBuildPhase;
			buildActionMask = 2147483647;
			files = (
				418A6EAF1DE2450C00807C49 /* Caro1Tests.swift in Sources */,
			);
			runOnlyForDeploymentPostprocessing = 0;
		};
		418A6EB11DE2450C00807C49 /* Sources */ = {
			isa = PBXSourcesBuildPhase;
			buildActionMask = 2147483647;
			files = (
				418A6EBA1DE2450C00807C49 /* Caro1UITests.swift in Sources */,
			);
			runOnlyForDeploymentPostprocessing = 0;
		};
/* End PBXSourcesBuildPhase section */

/* Begin PBXTargetDependency section */
		418A6EAC1DE2450C00807C49 /* PBXTargetDependency */ = {
			isa = PBXTargetDependency;
			target = 418A6E951DE2450B00807C49 /* Caro1 */;
			targetProxy = 418A6EAB1DE2450C00807C49 /* PBXContainerItemProxy */;
		};
		418A6EB71DE2450C00807C49 /* PBXTargetDependency */ = {
			isa = PBXTargetDependency;
			target = 418A6E951DE2450B00807C49 /* Caro1 */;
			targetProxy = 418A6EB61DE2450C00807C49 /* PBXContainerItemProxy */;
		};
/* End PBXTargetDependency section */

/* Begin PBXVariantGroup section */
		418A6E9D1DE2450C00807C49 /* Main.storyboard */ = {
			isa = PBXVariantGroup;
			children = (
				418A6E9E1DE2450C00807C49 /* Base */,
			);
			name = Main.storyboard;
			sourceTree = "<group>";
		};
		418A6EA21DE2450C00807C49 /* LaunchScreen.storyboard */ = {
			isa = PBXVariantGroup;
			children = (
				418A6EA31DE2450C00807C49 /* Base */,
			);
			name = LaunchScreen.storyboard;
			sourceTree = "<group>";
		};
/* End PBXVariantGroup section */

/* Begin XCBuildConfiguration section */
		418A6EBC1DE2450C00807C49 /* Debug */ = {
			isa = XCBuildConfiguration;
			buildSettings = {
				ALWAYS_SEARCH_USER_PATHS = NO;
				CLANG_ANALYZER_NONNULL = YES;
				CLANG_CXX_LANGUAGE_STANDARD = "gnu++0x";
				CLANG_CXX_LIBRARY = "libc++";
				CLANG_ENABLE_MODULES = YES;
				CLANG_ENABLE_OBJC_ARC = YES;
				CLANG_WARN_BOOL_CONVERSION = YES;
				CLANG_WARN_CONSTANT_CONVERSION = YES;
				CLANG_WARN_DIRECT_OBJC_ISA_USAGE = YES_ERROR;
				CLANG_WARN_DOCUMENTATION_COMMENTS = YES;
				CLANG_WARN_EMPTY_BODY = YES;
				CLANG_WARN_ENUM_CONVERSION = YES;
				CLANG_WARN_INFINITE_RECURSION = YES;
				CLANG_WARN_INT_CONVERSION = YES;
				CLANG_WARN_OBJC_ROOT_CLASS = YES_ERROR;
				CLANG_WARN_SUSPICIOUS_MOVES = YES;
				CLANG_WARN_UNREACHABLE_CODE = YES;
				CLANG_WARN__DUPLICATE_METHOD_MATCH = YES;
				"CODE_SIGN_IDENTITY[sdk=iphoneos*]" = "iPhone Developer";
				COPY_PHASE_STRIP = NO;
				DEBUG_INFORMATION_FORMAT = dwarf;
				ENABLE_STRICT_OBJC_MSGSEND = YES;
				ENABLE_TESTABILITY = YES;
				GCC_C_LANGUAGE_STANDARD = gnu99;
				GCC_DYNAMIC_NO_PIC = NO;
				GCC_NO_COMMON_BLOCKS = YES;
				GCC_OPTIMIZATION_LEVEL = 0;
				GCC_PREPROCESSOR_DEFINITIONS = (
					"DEBUG=1",
					"$(inherited)",
				);
				GCC_WARN_64_TO_32_BIT_CONVERSION = YES;
				GCC_WARN_ABOUT_RETURN_TYPE = YES_ERROR;
				GCC_WARN_UNDECLARED_SELECTOR = YES;
				GCC_WARN_UNINITIALIZED_AUTOS = YES_AGGRESSIVE;
				GCC_WARN_UNUSED_FUNCTION = YES;
				GCC_WARN_UNUSED_VARIABLE = YES;
				IPHONEOS_DEPLOYMENT_TARGET = 10.1;
				MTL_ENABLE_DEBUG_INFO = YES;
				ONLY_ACTIVE_ARCH = YES;
				SDKROOT = iphoneos;
				SWIFT_ACTIVE_COMPILATION_CONDITIONS = DEBUG;
				SWIFT_OPTIMIZATION_LEVEL = "-Onone";
				TARGETED_DEVICE_FAMILY = "1,2";
			};
			name = Debug;
		};
		418A6EBD1DE2450C00807C49 /* Release */ = {
			isa = XCBuildConfiguration;
			buildSettings = {
				ALWAYS_SEARCH_USER_PATHS = NO;
				CLANG_ANALYZER_NONNULL = YES;
				CLANG_CXX_LANGUAGE_STANDARD = "gnu++0x";
				CLANG_CXX_LIBRARY = "libc++";
				CLANG_ENABLE_MODULES = YES;
				CLANG_ENABLE_OBJC_ARC = YES;
				CLANG_WARN_BOOL_CONVERSION = YES;
				CLANG_WARN_CONSTANT_CONVERSION = YES;
				CLANG_WARN_DIRECT_OBJC_ISA_USAGE = YES_ERROR;
				CLANG_WARN_DOCUMENTATION_COMMENTS = YES;
				CLANG_WARN_EMPTY_BODY = YES;
				CLANG_WARN_ENUM_CONVERSION = YES;
				CLANG_WARN_INFINITE_RECURSION = YES;
				CLANG_WARN_INT_CONVERSION = YES;
				CLANG_WARN_OBJC_ROOT_CLASS = YES_ERROR;
				CLANG_WARN_SUSPICIOUS_MOVES = YES;
				CLANG_WARN_UNREACHABLE_CODE = YES;
				CLANG_WARN__DUPLICATE_METHOD_MATCH = YES;
				"CODE_SIGN_IDENTITY[sdk=iphoneos*]" = "iPhone Developer";
				COPY_PHASE_STRIP = NO;
				DEBUG_INFORMATION_FORMAT = "dwarf-with-dsym";
				ENABLE_NS_ASSERTIONS = NO;
				ENABLE_STRICT_OBJC_MSGSEND = YES;
				GCC_C_LANGUAGE_STANDARD = gnu99;
				GCC_NO_COMMON_BLOCKS = YES;
				GCC_WARN_64_TO_32_BIT_CONVERSION = YES;
				GCC_WARN_ABOUT_RETURN_TYPE = YES_ERROR;
				GCC_WARN_UNDECLARED_SELECTOR = YES;
				GCC_WARN_UNINITIALIZED_AUTOS = YES_AGGRESSIVE;
				GCC_WARN_UNUSED_FUNCTION = YES;
				GCC_WARN_UNUSED_VARIABLE = YES;
				IPHONEOS_DEPLOYMENT_TARGET = 10.1;
				MTL_ENABLE_DEBUG_INFO = NO;
				SDKROOT = iphoneos;
				SWIFT_OPTIMIZATION_LEVEL = "-Owholemodule";
				TARGETED_DEVICE_FAMILY = "1,2";
				VALIDATE_PRODUCT = YES;
			};
			name = Release;
		};
		418A6EBF1DE2450C00807C49 /* Debug */ = {
			isa = XCBuildConfiguration;
			buildSettings = {
				ASSETCATALOG_COMPILER_APPICON_NAME = AppIcon;
				INFOPLIST_FILE = Caro1/Info.plist;
				LD_RUNPATH_SEARCH_PATHS = "$(inherited) @executable_path/Frameworks";
				PRODUCT_BUNDLE_IDENTIFIER = com.testsdecaro.Caro1;
				PRODUCT_NAME = "$(TARGET_NAME)";
				SWIFT_VERSION = 3.0;
			};
			name = Debug;
		};
		418A6EC01DE2450C00807C49 /* Release */ = {
			isa = XCBuildConfiguration;
			buildSettings = {
				ASSETCATALOG_COMPILER_APPICON_NAME = AppIcon;
				INFOPLIST_FILE = Caro1/Info.plist;
				LD_RUNPATH_SEARCH_PATHS = "$(inherited) @executable_path/Frameworks";
				PRODUCT_BUNDLE_IDENTIFIER = com.testsdecaro.Caro1;
				PRODUCT_NAME = "$(TARGET_NAME)";
				SWIFT_VERSION = 3.0;
			};
			name = Release;
		};
		418A6EC21DE2450C00807C49 /* Debug */ = {
			isa = XCBuildConfiguration;
			buildSettings = {
				ALWAYS_EMBED_SWIFT_STANDARD_LIBRARIES = YES;
				BUNDLE_LOADER = "$(TEST_HOST)";
				INFOPLIST_FILE = Caro1Tests/Info.plist;
				LD_RUNPATH_SEARCH_PATHS = "$(inherited) @executable_path/Frameworks @loader_path/Frameworks";
				PRODUCT_BUNDLE_IDENTIFIER = com.testsdecaro.Caro1Tests;
				PRODUCT_NAME = "$(TARGET_NAME)";
				SWIFT_VERSION = 3.0;
				TEST_HOST = "$(BUILT_PRODUCTS_DIR)/Caro1.app/Caro1";
			};
			name = Debug;
		};
		418A6EC31DE2450C00807C49 /* Release */ = {
			isa = XCBuildConfiguration;
			buildSettings = {
				ALWAYS_EMBED_SWIFT_STANDARD_LIBRARIES = YES;
				BUNDLE_LOADER = "$(TEST_HOST)";
				INFOPLIST_FILE = Caro1Tests/Info.plist;
				LD_RUNPATH_SEARCH_PATHS = "$(inherited) @executable_path/Frameworks @loader_path/Frameworks";
				PRODUCT_BUNDLE_IDENTIFIER = com.testsdecaro.Caro1Tests;
				PRODUCT_NAME = "$(TARGET_NAME)";
				SWIFT_VERSION = 3.0;
				TEST_HOST = "$(BUILT_PRODUCTS_DIR)/Caro1.app/Caro1";
			};
			name = Release;
		};
		418A6EC51DE2450C00807C49 /* Debug */ = {
			isa = XCBuildConfiguration;
			buildSettings = {
				ALWAYS_EMBED_SWIFT_STANDARD_LIBRARIES = YES;
				INFOPLIST_FILE = Caro1UITests/Info.plist;
				LD_RUNPATH_SEARCH_PATHS = "$(inherited) @executable_path/Frameworks @loader_path/Frameworks";
				PRODUCT_BUNDLE_IDENTIFIER = com.testsdecaro.Caro1UITests;
				PRODUCT_NAME = "$(TARGET_NAME)";
				SWIFT_VERSION = 3.0;
				TEST_TARGET_NAME = Caro1;
			};
			name = Debug;
		};
		418A6EC61DE2450C00807C49 /* Release */ = {
			isa = XCBuildConfiguration;
			buildSettings = {
				ALWAYS_EMBED_SWIFT_STANDARD_LIBRARIES = YES;
				INFOPLIST_FILE = Caro1UITests/Info.plist;
				LD_RUNPATH_SEARCH_PATHS = "$(inherited) @executable_path/Frameworks @loader_path/Frameworks";
				PRODUCT_BUNDLE_IDENTIFIER = com.testsdecaro.Caro1UITests;
				PRODUCT_NAME = "$(TARGET_NAME)";
				SWIFT_VERSION = 3.0;
				TEST_TARGET_NAME = Caro1;
			};
			name = Release;
		};
/* End XCBuildConfiguration section */

/* Begin XCConfigurationList section */
		418A6E911DE2450B00807C49 /* Build configuration list for PBXProject "Caro1" */ = {
			isa = XCConfigurationList;
			buildConfigurations = (
				418A6EBC1DE2450C00807C49 /* Debug */,
				418A6EBD1DE2450C00807C49 /* Release */,
			);
			defaultConfigurationIsVisible = 0;
			defaultConfigurationName = Release;
		};
		418A6EBE1DE2450C00807C49 /* Build configuration list for PBXNativeTarget "Caro1" */ = {
			isa = XCConfigurationList;
			buildConfigurations = (
				418A6EBF1DE2450C00807C49 /* Debug */,
				418A6EC01DE2450C00807C49 /* Release */,
			);
			defaultConfigurationIsVisible = 0;
		};
		418A6EC11DE2450C00807C49 /* Build configuration list for PBXNativeTarget "Caro1Tests" */ = {
			isa = XCConfigurationList;
			buildConfigurations = (
				418A6EC21DE2450C00807C49 /* Debug */,
				418A6EC31DE2450C00807C49 /* Release */,
			);
			defaultConfigurationIsVisible = 0;
		};
		418A6EC41DE2450C00807C49 /* Build configuration list for PBXNativeTarget "Caro1UITests" */ = {
			isa = XCConfigurationList;
			buildConfigurations = (
				418A6EC51DE2450C00807C49 /* Debug */,
				418A6EC61DE2450C00807C49 /* Release */,
			);
			defaultConfigurationIsVisible = 0;
		};
/* End XCConfigurationList section */
	};
	rootObject = 418A6E8E1DE2450B00807C49 /* Project object */;
}
